
Microsoft Visual Studio Solution File, Format Version 12.00
# Visual Studio Version 17
VisualStudioVersion = 17.8.34330.188
MinimumVisualStudioVersion = 10.0.40219.1
Project("{FAE04EC0-301F-11D3-BF4B-00C04F79EFBC}") = "CleanArquitecture.ConsoleApp", "CleanArquitecture.ConsoleApp\CleanArquitecture.ConsoleApp.csproj", "{ECE1AE1B-9412-4321-A1AA-89067C515A9F}"
EndProject
Project("{FAE04EC0-301F-11D3-BF4B-00C04F79EFBC}") = "CleanArquitecture.Data", "CleanArquitecture.Data\CleanArquitecture.Data.csproj", "{B58AC303-1344-4563-ABCE-1B230193171A}"
EndProject
Project("{FAE04EC0-301F-11D3-BF4B-00C04F79EFBC}") = "CleanArquitecture.Domain", "CleanArquitecture.Domain\CleanArquitecture.Domain.csproj", "{9D79D333-BF2E-446B-930E-AEB471F1EEE0}"
EndProject
Global
	GlobalSection(SolutionConfigurationPlatforms) = preSolution
		Debug|Any CPU = Debug|Any CPU
		Release|Any CPU = Release|Any CPU
	EndGlobalSection
	GlobalSection(ProjectConfigurationPlatforms) = postSolution
		{ECE1AE1B-9412-4321-A1AA-89067C515A9F}.Debug|Any CPU.ActiveCfg = Debug|Any CPU
		{ECE1AE1B-9412-4321-A1AA-89067C515A9F}.Debug|Any CPU.Build.0 = Debug|Any CPU
		{ECE1AE1B-9412-4321-A1AA-89067C515A9F}.Release|Any CPU.ActiveCfg = Release|Any CPU
		{ECE1AE1B-9412-4321-A1AA-89067C515A9F}.Release|Any CPU.Build.0 = Release|Any CPU
		{B58AC303-1344-4563-ABCE-1B230193171A}.Debug|Any CPU.ActiveCfg = Debug|Any CPU
		{B58AC303-1344-4563-ABCE-1B230193171A}.Debug|Any CPU.Build.0 = Debug|Any CPU
		{B58AC303-1344-4563-ABCE-1B230193171A}.Release|Any CPU.ActiveCfg = Release|Any CPU
		{B58AC303-1344-4563-ABCE-1B230193171A}.Release|Any CPU.Build.0 = Release|Any CPU
		{9D79D333-BF2E-446B-930E-AEB471F1EEE0}.Debug|Any CPU.ActiveCfg = Debug|Any CPU
		{9D79D333-BF2E-446B-930E-AEB471F1EEE0}.Debug|Any CPU.Build.0 = Debug|Any CPU
		{9D79D333-BF2E-446B-930E-AEB471F1EEE0}.Release|Any CPU.ActiveCfg = Release|Any CPU
		{9D79D333-BF2E-446B-930E-AEB471F1EEE0}.Release|Any CPU.Build.0 = Release|Any CPU
	EndGlobalSection
	GlobalSection(SolutionProperties) = preSolution
		HideSolutionNode = FALSE
	EndGlobalSection
	GlobalSection(ExtensibilityGlobals) = postSolution
		SolutionGuid = {D275C9A1-4295-4906-9609-61C4628C0AAC}
	EndGlobalSection
EndGlobal
